{
  "requires": true,
  "lockfileVersion": 1,
  "dependencies": {
    "@angular/common": {
      "version": "2.3.0",
      "resolved": "https://registry.npmjs.org/@angular/common/-/common-2.3.0.tgz",
      "integrity": "sha1-FrADT+Q65wh1ND8j4Zg1Q17dEY4="
    },
    "@angular/compiler": {
      "version": "2.2.4",
      "resolved": "https://registry.npmjs.org/@angular/compiler/-/compiler-2.2.4.tgz",
      "integrity": "sha1-QOjbX4AZOd3BoWMHnccbO+gaBq4="
    },
    "@angular/compiler-cli": {
      "version": "2.3.0",
      "resolved": "https://registry.npmjs.org/@angular/compiler-cli/-/compiler-cli-2.3.0.tgz",
      "integrity": "sha1-2fAXHEbZ1j4aFzekzPD7/mwyFmY=",
      "requires": {
        "@angular/tsc-wrapped": "0.4.2",
        "minimist": "^1.2.0",
        "reflect-metadata": "^0.1.2"
      }
    },
    "@angular/core": {
      "version": "2.3.0",
      "resolved": "https://registry.npmjs.org/@angular/core/-/core-2.3.0.tgz",
      "integrity": "sha1-5gvTmFhNaUZ9B10AG3GDZBdKJTQ="
    },
    "@angular/forms": {
      "version": "2.3.0",
      "resolved": "https://registry.npmjs.org/@angular/forms/-/forms-2.3.0.tgz",
      "integrity": "sha1-lhEzIts2L6GkyXmJKf/eDnbgNNw="
    },
    "@angular/http": {
      "version": "2.3.0",
      "resolved": "https://registry.npmjs.org/@angular/http/-/http-2.3.0.tgz",
      "integrity": "sha1-DAgj1pcj2W0pTliIE5f+we2AP3M="
    },
    "@angular/material": {
      "version": "9.2.0",
      "resolved": "https://registry.npmjs.org/@angular/material/-/material-9.2.0.tgz",
      "integrity": "sha512-KKzEIVh6/m56m+Ao8p4PK0SyEr0574l3VP2swj1qPag3u+FYgemmXCGTaChrKdDsez+zeTCPXImBGXzE6NQ80Q=="
    },
    "@angular/platform-browser": {
      "version": "2.3.0",
      "resolved": "https://registry.npmjs.org/@angular/platform-browser/-/platform-browser-2.3.0.tgz",
      "integrity": "sha1-kyWTCc+06P2zns7KCyBfTK8ALmw="
    },
    "@angular/platform-browser-dynamic": {
      "version": "2.3.0",
      "resolved": "https://registry.npmjs.org/@angular/platform-browser-dynamic/-/platform-browser-dynamic-2.3.0.tgz",
      "integrity": "sha1-6BjT/HPMkjIwiRrKtrgCu939/zs="
    },
    "@angular/router": {
      "version": "3.2.4",
      "resolved": "https://registry.npmjs.org/@angular/router/-/router-3.2.4.tgz",
      "integrity": "sha1-3+xxrQcuwDE2S6XQi9b+A/1b6tw="
    },
    "@angular/tsc-wrapped": {
      "version": "0.4.2",
      "resolved": "https://registry.npmjs.org/@angular/tsc-wrapped/-/tsc-wrapped-0.4.2.tgz",
      "integrity": "sha1-AH4ZiPVykqDJ172ORYn+ROVz8Hw=",
      "requires": {
        "tsickle": "^0.2"
      }
    },
    "angular-router-loader": {
      "version": "0.4.0",
      "resolved": "https://registry.npmjs.org/angular-router-loader/-/angular-router-loader-0.4.0.tgz",
      "integrity": "sha1-BiZtTzFLABYZcPjiSvMcsMoH3Ls=",
      "requires": {
        "loader-utils": "^0.2.15"
      }
    },
    "big.js": {
      "version": "3.2.0",
      "resolved": "https://registry.npmjs.org/big.js/-/big.js-3.2.0.tgz",
      "integrity": "sha512-+hN/Zh2D08Mx65pZ/4g5bsmNiZUuChDiQfTUQ7qJr4/kuopCr88xZsAXv6mBoZEsUI4OuGHlX59qE94K2mMW8Q=="
    },
    "core-js": {
      "version": "2.6.11",
      "resolved": "https://registry.npmjs.org/core-js/-/core-js-2.6.11.tgz",
      "integrity": "sha512-5wjnpaT/3dV+XB4borEsnAYQchn00XSgTAWKDkEqv+K8KevjbzmofK6hfJ9TZIlpj2N0xQpazy7PiRQiWHqzWg=="
    },
    "emojis-list": {
      "version": "2.1.0",
      "resolved": "https://registry.npmjs.org/emojis-list/-/emojis-list-2.1.0.tgz",
      "integrity": "sha1-TapNnbAPmBmIDHn6RXrlsJof04k="
    },
    "json5": {
      "version": "0.5.1",
      "resolved": "https://registry.npmjs.org/json5/-/json5-0.5.1.tgz",
      "integrity": "sha1-Hq3nrMASA0rYTiOWdn6tn6VJWCE="
    },
    "loader-utils": {
      "version": "0.2.17",
      "resolved": "https://registry.npmjs.org/loader-utils/-/loader-utils-0.2.17.tgz",
      "integrity": "sha1-+G5jdNQyBabmxg6RlvF8Apm/s0g=",
      "requires": {
        "big.js": "^3.1.3",
        "emojis-list": "^2.0.0",
        "json5": "^0.5.0",
        "object-assign": "^4.0.1"
      }
    },
    "minimist": {
      "version": "1.2.5",
      "resolved": "https://registry.npmjs.org/minimist/-/minimist-1.2.5.tgz",
      "integrity": "sha512-FM9nNUYrRBAELZQT3xeZQ7fmMOBg6nWNmJKTcgsJeaLstP/UODVpGsr5OhXhhXg6f+qtJ8uiZ+PUxkDWcgIXLw=="
    },
    "mkdirp": {
      "version": "0.5.5",
      "resolved": "https://registry.npmjs.org/mkdirp/-/mkdirp-0.5.5.tgz",
      "integrity": "sha512-NKmAlESf6jMGym1++R0Ra7wvhV+wFW63FaSOFPwRahvea0gMUcGUhVeAg/0BC0wiv9ih5NYPB1Wn1UEI1/L+xQ==",
      "requires": {
        "minimist": "^1.2.5"
      }
    },
    "ng2-opd-popup": {
      "version": "1.1.21",
      "resolved": "https://registry.npmjs.org/ng2-opd-popup/-/ng2-opd-popup-1.1.21.tgz",
      "integrity": "sha1-qOxFQq5E6KAR2cMDjtaLGb86VfM=",
      "requires": {
        "@angular/common": "2.3.0",
        "@angular/compiler": "2.2.4",
        "@angular/compiler-cli": "2.3.0",
        "@angular/core": "2.3.0",
        "@angular/forms": "2.3.0",
        "@angular/http": "2.3.0",
        "@angular/platform-browser": "2.3.0",
        "@angular/platform-browser-dynamic": "2.3.0",
        "@angular/router": "3.2.4",
        "angular-router-loader": "^0.4.0",
        "core-js": "^2.4.1",
        "reflect-metadata": "^0.1.3",
        "rxjs": "5.0.0-rc.4",
        "zone.js": "^0.7.2"
      }
    },
    "object-assign": {
      "version": "4.1.1",
      "resolved": "https://registry.npmjs.org/object-assign/-/object-assign-4.1.1.tgz",
      "integrity": "sha1-IQmtx5ZYh8/AXLvUQsrIv7s2CGM="
    },
    "reflect-metadata": {
      "version": "0.1.13",
      "resolved": "https://registry.npmjs.org/reflect-metadata/-/reflect-metadata-0.1.13.tgz",
      "integrity": "sha512-Ts1Y/anZELhSsjMcU605fU9RE4Oi3p5ORujwbIKXfWa+0Zxs510Qrmrce5/Jowq3cHSZSJqBjypxmHarc+vEWg=="
    },
    "rxjs": {
      "version": "5.0.0-rc.4",
      "resolved": "https://registry.npmjs.org/rxjs/-/rxjs-5.0.0-rc.4.tgz",
      "integrity": "sha1-pNCLxdfzDUjtcTDimVSQwyajJcQ=",
      "requires": {
        "symbol-observable": "^1.0.1"
      }
    },
    "source-map": {
      "version": "0.5.7",
      "resolved": "https://registry.npmjs.org/source-map/-/source-map-0.5.7.tgz",
      "integrity": "sha1-igOdLRAh0i0eoUyA2OpGi6LvP8w="
    },
    "source-map-support": {
      "version": "0.4.18",
      "resolved": "https://registry.npmjs.org/source-map-support/-/source-map-support-0.4.18.tgz",
      "integrity": "sha512-try0/JqxPLF9nOjvSta7tVondkP5dwgyLDjVoyMDlmjugT2lRZ1OfsrYTkCd2hkDnJTKRbO/Rl3orm8vlsUzbA==",
      "requires": {
        "source-map": "^0.5.6"
      }
    },
    "symbol-observable": {
      "version": "1.2.0",
      "resolved": "https://registry.npmjs.org/symbol-observable/-/symbol-observable-1.2.0.tgz",
      "integrity": "sha512-e900nM8RRtGhlV36KGEU9k65K3mPb1WV70OdjfxlG2EAuM1noi/E/BaW/uMhL7bPEssK8QV57vN3esixjUvcXQ=="
    },
    "tsickle": {
      "version": "0.2.6",
      "resolved": "https://registry.npmjs.org/tsickle/-/tsickle-0.2.6.tgz",
      "integrity": "sha1-rUq/kudOvfP7WqGHyoWwIGb+Ghs=",
      "requires": {
        "minimist": "^1.2.0",
        "mkdirp": "^0.5.1",
        "source-map": "^0.5.6",
        "source-map-support": "^0.4.2"
      }
    },
    "zone.js": {
      "version": "0.7.8",
      "resolved": "https://registry.npmjs.org/zone.js/-/zone.js-0.7.8.tgz",
      "integrity": "sha1-Tz/og01EWX8mOQU6D6Q43zT//e0="
    }
  }
}
